
Microsoft Visual Studio Solution File, Format Version 12.00
# Visual Studio Version 17
VisualStudioVersion = 17.5.002.0
MinimumVisualStudioVersion = 10.0.40219.1
Project("{9A19103F-16F7-4668-BE54-9A1E7A4F7556}") = "labog-cheat", "labog-cheat.csproj", "{789A9A3C-E971-4CB2-997B-AD7CF2C488B4}"
EndProject
Global
	GlobalSection(SolutionConfigurationPlatforms) = preSolution
		Debug|Any CPU = Debug|Any CPU
		Release|Any CPU = Release|Any CPU
	EndGlobalSection
	GlobalSection(ProjectConfigurationPlatforms) = postSolution
		{789A9A3C-E971-4CB2-997B-AD7CF2C488B4}.Debug|Any CPU.ActiveCfg = Debug|Any CPU
		{789A9A3C-E971-4CB2-997B-AD7CF2C488B4}.Debug|Any CPU.Build.0 = Debug|Any CPU
		{789A9A3C-E971-4CB2-997B-AD7CF2C488B4}.Release|Any CPU.ActiveCfg = Release|Any CPU
		{789A9A3C-E971-4CB2-997B-AD7CF2C488B4}.Release|Any CPU.Build.0 = Release|Any CPU
	EndGlobalSection
	GlobalSection(SolutionProperties) = preSolution
		HideSolutionNode = FALSE
	EndGlobalSection
	GlobalSection(ExtensibilityGlobals) = postSolution
		SolutionGuid = {9D4E89B1-C1BE-45B6-B28B-14C2BAA1F0A4}
	EndGlobalSection
EndGlobal
